{
  "sources": {
    "td-agent": {
      "locked_version": "0.0.1",
      "git": "https://github.com/treasure-data/chef-td-agent.git",
      "ref": "d29d3f78bc2ffe991c63d56cbf8521eda6fdeb35"
    },
    "apt": {
      "locked_version": "2.3.0"
    },
    "yum": {
      "locked_version": "2.4.2"
    }
  }
}
